# This file is generated by running "yarn install" inside your project.
# Manual changes might be lost - proceed with caution!

__metadata:
  version: 8
  cacheKey: 10c0

"@adraffy/ens-normalize@npm:^1.11.0":
  version: 1.11.1
  resolution: "@adraffy/ens-normalize@npm:1.11.1"
  checksum: 10c0/b364e2a57131db278ebf2f22d1a1ac6d8aea95c49dd2bbbc1825870b38aa91fd8816aba580a1f84edc50a45eb6389213dacfd1889f32893afc8549a82d304767
  languageName: node
  linkType: hard

"@esbuild/aix-ppc64@npm:0.25.12":
  version: 0.25.12
  resolution: "@esbuild/aix-ppc64@npm:0.25.12"
  conditions: os=aix & cpu=ppc64
  languageName: node
  linkType: hard

"@esbuild/android-arm64@npm:0.25.12":
  version: 0.25.12
  resolution: "@esbuild/android-arm64@npm:0.25.12"
  conditions: os=android & cpu=arm64
  languageName: node
  linkType: hard

"@esbuild/android-arm@npm:0.25.12":
  version: 0.25.12
  resolution: "@esbuild/android-arm@npm:0.25.12"
  conditions: os=android & cpu=arm
  languageName: node
  linkType: hard

"@esbuild/android-x64@npm:0.25.12":
  version: 0.25.12
  resolution: "@esbuild/android-x64@npm:0.25.12"
  conditions: os=android & cpu=x64
  languageName: node
  linkType: hard

"@esbuild/darwin-arm64@npm:0.25.12":
  version: 0.25.12
  resolution: "@esbuild/darwin-arm64@npm:0.25.12"
  conditions: os=darwin & cpu=arm64
  languageName: node
  linkType: hard

"@esbuild/darwin-x64@npm:0.25.12":
  version: 0.25.12
  resolution: "@esbuild/darwin-x64@npm:0.25.12"
  conditions: os=darwin & cpu=x64
  languageName: node
  linkType: hard

"@esbuild/freebsd-arm64@npm:0.25.12":
  version: 0.25.12
  resolution: "@esbuild/freebsd-arm64@npm:0.25.12"
  conditions: os=freebsd & cpu=arm64
  languageName: node
  linkType: hard

"@esbuild/freebsd-x64@npm:0.25.12":
  version: 0.25.12
  resolution: "@esbuild/freebsd-x64@npm:0.25.12"
  conditions: os=freebsd & cpu=x64
  languageName: node
  linkType: hard

"@esbuild/linux-arm64@npm:0.25.12":
  version: 0.25.12
  resolution: "@esbuild/linux-arm64@npm:0.25.12"
  conditions: os=linux & cpu=arm64
  languageName: node
  linkType: hard

"@esbuild/linux-arm@npm:0.25.12":
  version: 0.25.12
  resolution: "@esbuild/linux-arm@npm:0.25.12"
  conditions: os=linux & cpu=arm
  languageName: node
  linkType: hard

"@esbuild/linux-ia32@npm:0.25.12":
  version: 0.25.12
  resolution: "@esbuild/linux-ia32@npm:0.25.12"
  conditions: os=linux & cpu=ia32
  languageName: node
  linkType: hard

"@esbuild/linux-loong64@npm:0.25.12":
  version: 0.25.12
  resolution: "@esbuild/linux-loong64@npm:0.25.12"
  conditions: os=linux & cpu=loong64
  languageName: node
  linkType: hard

"@esbuild/linux-mips64el@npm:0.25.12":
  version: 0.25.12
  resolution: "@esbuild/linux-mips64el@npm:0.25.12"
  conditions: os=linux & cpu=mips64el
  languageName: node
  linkType: hard

"@esbuild/linux-ppc64@npm:0.25.12":
  version: 0.25.12
  resolution: "@esbuild/linux-ppc64@npm:0.25.12"
  conditions: os=linux & cpu=ppc64
  languageName: node
  linkType: hard

"@esbuild/linux-riscv64@npm:0.25.12":
  version: 0.25.12
  resolution: "@esbuild/linux-riscv64@npm:0.25.12"
  conditions: os=linux & cpu=riscv64
  languageName: node
  linkType: hard

"@esbuild/linux-s390x@npm:0.25.12":
  version: 0.25.12
  resolution: "@esbuild/linux-s390x@npm:0.25.12"
  conditions: os=linux & cpu=s390x
  languageName: node
  linkType: hard

"@esbuild/linux-x64@npm:0.25.12":
  version: 0.25.12
  resolution: "@esbuild/linux-x64@npm:0.25.12"
  conditions: os=linux & cpu=x64
  languageName: node
  linkType: hard

"@esbuild/netbsd-arm64@npm:0.25.12":
  version: 0.25.12
  resolution: "@esbuild/netbsd-arm64@npm:0.25.12"
  conditions: os=netbsd & cpu=arm64
  languageName: node
  linkType: hard

"@esbuild/netbsd-x64@npm:0.25.12":
  version: 0.25.12
  resolution: "@esbuild/netbsd-x64@npm:0.25.12"
  conditions: os=netbsd & cpu=x64
  languageName: node
  linkType: hard

"@esbuild/openbsd-arm64@npm:0.25.12":
  version: 0.25.12
  resolution: "@esbuild/openbsd-arm64@npm:0.25.12"
  conditions: os=openbsd & cpu=arm64
  languageName: node
  linkType: hard

"@esbuild/openbsd-x64@npm:0.25.12":
  version: 0.25.12
  resolution: "@esbuild/openbsd-x64@npm:0.25.12"
  conditions: os=openbsd & cpu=x64
  languageName: node
  linkType: hard

"@esbuild/openharmony-arm64@npm:0.25.12":
  version: 0.25.12
  resolution: "@esbuild/openharmony-arm64@npm:0.25.12"
  conditions: os=openharmony & cpu=arm64
  languageName: node
  linkType: hard

"@esbuild/sunos-x64@npm:0.25.12":
  version: 0.25.12
  resolution: "@esbuild/sunos-x64@npm:0.25.12"
  conditions: os=sunos & cpu=x64
  languageName: node
  linkType: hard

"@esbuild/win32-arm64@npm:0.25.12":
  version: 0.25.12
  resolution: "@esbuild/win32-arm64@npm:0.25.12"
  conditions: os=win32 & cpu=arm64
  languageName: node
  linkType: hard

"@esbuild/win32-ia32@npm:0.25.12":
  version: 0.25.12
  resolution: "@esbuild/win32-ia32@npm:0.25.12"
  conditions: os=win32 & cpu=ia32
  languageName: node
  linkType: hard

"@esbuild/win32-x64@npm:0.25.12":
  version: 0.25.12
  resolution: "@esbuild/win32-x64@npm:0.25.12"
  conditions: os=win32 & cpu=x64
  languageName: node
  linkType: hard

"@noble/ciphers@npm:^1.3.0":
  version: 1.3.0
  resolution: "@noble/ciphers@npm:1.3.0"
  checksum: 10c0/3ba6da645ce45e2f35e3b2e5c87ceba86b21dfa62b9466ede9edfb397f8116dae284f06652c0cd81d99445a2262b606632e868103d54ecc99fd946ae1af8cd37
  languageName: node
  linkType: hard

"@noble/curves@npm:1.9.1":
  version: 1.9.1
  resolution: "@noble/curves@npm:1.9.1"
  dependencies:
    "@noble/hashes": "npm:1.8.0"
  checksum: 10c0/39c84dbfecdca80cfde2ecea4b06ef2ec1255a4df40158d22491d1400057a283f57b2b26c8b1331006e6e061db791f31d47764961c239437032e2f45e8888c1e
  languageName: node
  linkType: hard

"@noble/curves@npm:~1.9.0":
  version: 1.9.7
  resolution: "@noble/curves@npm:1.9.7"
  dependencies:
    "@noble/hashes": "npm:1.8.0"
  checksum: 10c0/150014751ebe8ca06a8654ca2525108452ea9ee0be23430332769f06808cddabfe84f248b6dbf836916bc869c27c2092957eec62c7506d68a1ed0a624017c2a3
  languageName: node
  linkType: hard

"@noble/hashes@npm:1.8.0, @noble/hashes@npm:^1.8.0, @noble/hashes@npm:~1.8.0":
  version: 1.8.0
  resolution: "@noble/hashes@npm:1.8.0"
  checksum: 10c0/06a0b52c81a6fa7f04d67762e08b2c476a00285858150caeaaff4037356dd5e119f45b2a530f638b77a5eeca013168ec1b655db41bae3236cb2e9d511484fc77
  languageName: node
  linkType: hard

"@scure/base@npm:~1.2.5":
  version: 1.2.6
  resolution: "@scure/base@npm:1.2.6"
  checksum: 10c0/49bd5293371c4e062cb6ba689c8fe3ea3981b7bb9c000400dc4eafa29f56814cdcdd27c04311c2fec34de26bc373c593a1d6ca6d754398a488d587943b7c128a
  languageName: node
  linkType: hard

"@scure/bip32@npm:1.7.0, @scure/bip32@npm:^1.7.0":
  version: 1.7.0
  resolution: "@scure/bip32@npm:1.7.0"
  dependencies:
    "@noble/curves": "npm:~1.9.0"
    "@noble/hashes": "npm:~1.8.0"
    "@scure/base": "npm:~1.2.5"
  checksum: 10c0/e3d4c1f207df16abcd79babcdb74d36f89bdafc90bf02218a5140cc5cba25821d80d42957c6705f35210cc5769714ea9501d4ae34732cdd1c26c9ff182a219f7
  languageName: node
  linkType: hard

"@scure/bip39@npm:1.6.0, @scure/bip39@npm:^1.6.0":
  version: 1.6.0
  resolution: "@scure/bip39@npm:1.6.0"
  dependencies:
    "@noble/hashes": "npm:~1.8.0"
    "@scure/base": "npm:~1.2.5"
  checksum: 10c0/73a54b5566a50a3f8348a5cfd74d2092efeefc485efbed83d7a7374ffd9a75defddf446e8e5ea0385e4adb49a94b8ae83c5bad3e16333af400e932f7da3aaff8
  languageName: node
  linkType: hard

"@wagmi/cli@npm:^2.8.0":
  version: 2.8.0
  resolution: "@wagmi/cli@npm:2.8.0"
  dependencies:
    abitype: "npm:^1.0.4"
    bundle-require: "npm:^5.1.0"
    cac: "npm:^6.7.14"
    change-case: "npm:^5.4.4"
    chokidar: "npm:4.0.1"
    dedent: "npm:^0.7.0"
    dotenv: "npm:^16.3.1"
    dotenv-expand: "npm:^10.0.0"
    esbuild: "npm:~0.25.4"
    escalade: "npm:3.2.0"
    fdir: "npm:^6.1.1"
    nanospinner: "npm:1.2.2"
    pathe: "npm:^1.1.2"
    picocolors: "npm:^1.0.0"
    picomatch: "npm:^3.0.0"
    prettier: "npm:^3.0.3"
    viem: "npm:2.x"
    zod: "npm:^4.1.11"
  peerDependencies:
    typescript: ">=5.0.4"
  peerDependenciesMeta:
    typescript:
      optional: true
  bin:
    wagmi: dist/esm/cli.js
  checksum: 10c0/439e72b7b55e293c6873d0f901732999c650b563cecee728d587d4f0ed06dd415efbb13e571d72add2d478417d8d29a73c108b9f7cffbbc39886c5076278ccc5
  languageName: node
  linkType: hard

"abitype@npm:1.1.0":
  version: 1.1.0
  resolution: "abitype@npm:1.1.0"
  peerDependencies:
    typescript: ">=5.0.4"
    zod: ^3.22.0 || ^4.0.0
  peerDependenciesMeta:
    typescript:
      optional: true
    zod:
      optional: true
  checksum: 10c0/99218d442951c60324fcd96a372c30d71ca8d5434cab62b95d5d80bae89e3024a445a90db323ef1fe4da0d749d86e815ca555a37719b06e6ca03ccad2116c45b
  languageName: node
  linkType: hard

"abitype@npm:^1.0.4, abitype@npm:^1.0.9":
  version: 1.1.2
  resolution: "abitype@npm:1.1.2"
  peerDependencies:
    typescript: ">=5.0.4"
    zod: ^3.22.0 || ^4.0.0
  peerDependenciesMeta:
    typescript:
      optional: true
    zod:
      optional: true
  checksum: 10c0/5b1aca1fedab8d53a97c800bb84cf85f22db6b5bbd5996fc061fc87891302bc935d3cdb0fc09f204d62dbb54ea6ba0ea70895470a21b64fd3bbb5b5f30b47af4
  languageName: node
  linkType: hard

"bundle-require@npm:^5.1.0":
  version: 5.1.0
  resolution: "bundle-require@npm:5.1.0"
  dependencies:
    load-tsconfig: "npm:^0.2.3"
  peerDependencies:
    esbuild: ">=0.18"
  checksum: 10c0/8bff9df68eb686f05af952003c78e70ffed2817968f92aebb2af620cc0b7428c8154df761d28f1b38508532204278950624ef86ce63644013dc57660a9d1810f
  languageName: node
  linkType: hard

"cac@npm:^6.7.14":
  version: 6.7.14
  resolution: "cac@npm:6.7.14"
  checksum: 10c0/4ee06aaa7bab8981f0d54e5f5f9d4adcd64058e9697563ce336d8a3878ed018ee18ebe5359b2430eceae87e0758e62ea2019c3f52ae6e211b1bd2e133856cd10
  languageName: node
  linkType: hard

"change-case@npm:^5.4.4":
  version: 5.4.4
  resolution: "change-case@npm:5.4.4"
  checksum: 10c0/2a9c2b9c9ad6ab2491105aaf506db1a9acaf543a18967798dcce20926c6a173aa63266cb6189f3086e3c14bf7ae1f8ea4f96ecc466fcd582310efa00372f3734
  languageName: node
  linkType: hard

"chokidar@npm:4.0.1":
  version: 4.0.1
  resolution: "chokidar@npm:4.0.1"
  dependencies:
    readdirp: "npm:^4.0.1"
  checksum: 10c0/4bb7a3adc304059810bb6c420c43261a15bb44f610d77c35547addc84faa0374265c3adc67f25d06f363d9a4571962b02679268c40de07676d260de1986efea9
  languageName: node
  linkType: hard

"dedent@npm:^0.7.0":
  version: 0.7.0
  resolution: "dedent@npm:0.7.0"
  checksum: 10c0/7c3aa00ddfe3e5fcd477958e156156a5137e3bb6ff1493ca05edff4decf29a90a057974cc77e75951f8eb801c1816cb45aea1f52d628cdd000b82b36ab839d1b
  languageName: node
  linkType: hard

"dotenv-expand@npm:^10.0.0":
  version: 10.0.0
  resolution: "dotenv-expand@npm:10.0.0"
  checksum: 10c0/298f5018e29cfdcb0b5f463ba8e8627749103fbcf6cf81c561119115754ed582deee37b49dfc7253028aaba875ab7aea5fa90e5dac88e511d009ab0e6677924e
  languageName: node
  linkType: hard

"dotenv@npm:^16.3.1":
  version: 16.6.1
  resolution: "dotenv@npm:16.6.1"
  checksum: 10c0/15ce56608326ea0d1d9414a5c8ee6dcf0fffc79d2c16422b4ac2268e7e2d76ff5a572d37ffe747c377de12005f14b3cc22361e79fc7f1061cce81f77d2c973dc
  languageName: node
  linkType: hard

"esbuild@npm:~0.25.4":
  version: 0.25.12
  resolution: "esbuild@npm:0.25.12"
  dependencies:
    "@esbuild/aix-ppc64": "npm:0.25.12"
    "@esbuild/android-arm": "npm:0.25.12"
    "@esbuild/android-arm64": "npm:0.25.12"
    "@esbuild/android-x64": "npm:0.25.12"
    "@esbuild/darwin-arm64": "npm:0.25.12"
    "@esbuild/darwin-x64": "npm:0.25.12"
    "@esbuild/freebsd-arm64": "npm:0.25.12"
    "@esbuild/freebsd-x64": "npm:0.25.12"
    "@esbuild/linux-arm": "npm:0.25.12"
    "@esbuild/linux-arm64": "npm:0.25.12"
    "@esbuild/linux-ia32": "npm:0.25.12"
    "@esbuild/linux-loong64": "npm:0.25.12"
    "@esbuild/linux-mips64el": "npm:0.25.12"
    "@esbuild/linux-ppc64": "npm:0.25.12"
    "@esbuild/linux-riscv64": "npm:0.25.12"
    "@esbuild/linux-s390x": "npm:0.25.12"
    "@esbuild/linux-x64": "npm:0.25.12"
    "@esbuild/netbsd-arm64": "npm:0.25.12"
    "@esbuild/netbsd-x64": "npm:0.25.12"
    "@esbuild/openbsd-arm64": "npm:0.25.12"
    "@esbuild/openbsd-x64": "npm:0.25.12"
    "@esbuild/openharmony-arm64": "npm:0.25.12"
    "@esbuild/sunos-x64": "npm:0.25.12"
    "@esbuild/win32-arm64": "npm:0.25.12"
    "@esbuild/win32-ia32": "npm:0.25.12"
    "@esbuild/win32-x64": "npm:0.25.12"
  dependenciesMeta:
    "@esbuild/aix-ppc64":
      optional: true
    "@esbuild/android-arm":
      optional: true
    "@esbuild/android-arm64":
      optional: true
    "@esbuild/android-x64":
      optional: true
    "@esbuild/darwin-arm64":
      optional: true
    "@esbuild/darwin-x64":
      optional: true
    "@esbuild/freebsd-arm64":
      optional: true
    "@esbuild/freebsd-x64":
      optional: true
    "@esbuild/linux-arm":
      optional: true
    "@esbuild/linux-arm64":
      optional: true
    "@esbuild/linux-ia32":
      optional: true
    "@esbuild/linux-loong64":
      optional: true
    "@esbuild/linux-mips64el":
      optional: true
    "@esbuild/linux-ppc64":
      optional: true
    "@esbuild/linux-riscv64":
      optional: true
    "@esbuild/linux-s390x":
      optional: true
    "@esbuild/linux-x64":
      optional: true
    "@esbuild/netbsd-arm64":
      optional: true
    "@esbuild/netbsd-x64":
      optional: true
    "@esbuild/openbsd-arm64":
      optional: true
    "@esbuild/openbsd-x64":
      optional: true
    "@esbuild/openharmony-arm64":
      optional: true
    "@esbuild/sunos-x64":
      optional: true
    "@esbuild/win32-arm64":
      optional: true
    "@esbuild/win32-ia32":
      optional: true
    "@esbuild/win32-x64":
      optional: true
  bin:
    esbuild: bin/esbuild
  checksum: 10c0/c205357531423220a9de8e1e6c6514242bc9b1666e762cd67ccdf8fdfdc3f1d0bd76f8d9383958b97ad4c953efdb7b6e8c1f9ca5951cd2b7c5235e8755b34a6b
  languageName: node
  linkType: hard

"escalade@npm:3.2.0":
  version: 3.2.0
  resolution: "escalade@npm:3.2.0"
  checksum: 10c0/ced4dd3a78e15897ed3be74e635110bbf3b08877b0a41be50dcb325ee0e0b5f65fc2d50e9845194d7c4633f327e2e1c6cce00a71b617c5673df0374201d67f65
  languageName: node
  linkType: hard

"eventemitter3@npm:5.0.1":
  version: 5.0.1
  resolution: "eventemitter3@npm:5.0.1"
  checksum: 10c0/4ba5c00c506e6c786b4d6262cfbce90ddc14c10d4667e5c83ae993c9de88aa856033994dd2b35b83e8dc1170e224e66a319fa80adc4c32adcd2379bbc75da814
  languageName: node
  linkType: hard

"fdir@npm:^6.1.1":
  version: 6.5.0
  resolution: "fdir@npm:6.5.0"
  peerDependencies:
    picomatch: ^3 || ^4
  peerDependenciesMeta:
    picomatch:
      optional: true
  checksum: 10c0/e345083c4306b3aed6cb8ec551e26c36bab5c511e99ea4576a16750ddc8d3240e63826cc624f5ae17ad4dc82e68a253213b60d556c11bfad064b7607847ed07f
  languageName: node
  linkType: hard

"idos-sale@workspace:.":
  version: 0.0.0-use.local
  resolution: "idos-sale@workspace:."
  dependencies:
    "@wagmi/cli": "npm:^2.8.0"
    typescript: "npm:^5.9.3"
  languageName: unknown
  linkType: soft

"isows@npm:1.0.7":
  version: 1.0.7
  resolution: "isows@npm:1.0.7"
  peerDependencies:
    ws: "*"
  checksum: 10c0/43c41fe89c7c07258d0be3825f87e12da8ac9023c5b5ae6741ec00b2b8169675c04331ea73ef8c172d37a6747066f4dc93947b17cd369f92828a3b3e741afbda
  languageName: node
  linkType: hard

"load-tsconfig@npm:^0.2.3":
  version: 0.2.5
  resolution: "load-tsconfig@npm:0.2.5"
  checksum: 10c0/bf2823dd26389d3497b6567f07435c5a7a58d9df82e879b0b3892f87d8db26900f84c85bc329ef41c0540c0d6a448d1c23ddc64a80f3ff6838b940f3915a3fcb
  languageName: node
  linkType: hard

"nanospinner@npm:1.2.2":
  version: 1.2.2
  resolution: "nanospinner@npm:1.2.2"
  dependencies:
    picocolors: "npm:^1.1.1"
  checksum: 10c0/07264f63816a8ec24d84ffe216a605cf11dffd8b098d4c5e6790437304b47e10ce4fc341de8dbcfc1b59aa42107f9949c89bcc201239eb61a80e14b6b1a20c90
  languageName: node
  linkType: hard

"ox@npm:0.9.6":
  version: 0.9.6
  resolution: "ox@npm:0.9.6"
  dependencies:
    "@adraffy/ens-normalize": "npm:^1.11.0"
    "@noble/ciphers": "npm:^1.3.0"
    "@noble/curves": "npm:1.9.1"
    "@noble/hashes": "npm:^1.8.0"
    "@scure/bip32": "npm:^1.7.0"
    "@scure/bip39": "npm:^1.6.0"
    abitype: "npm:^1.0.9"
    eventemitter3: "npm:5.0.1"
  peerDependencies:
    typescript: ">=5.4.0"
  peerDependenciesMeta:
    typescript:
      optional: true
  checksum: 10c0/559b39051f80a25352e1ca6e7aba6e04f60c4e29f98e4ef3ec0c8d2b0432d400004ce09d2991200eaf21745179af47367dc28c553da43403dd0b69c2453ebabe
  languageName: node
  linkType: hard

"pathe@npm:^1.1.2":
  version: 1.1.2
  resolution: "pathe@npm:1.1.2"
  checksum: 10c0/64ee0a4e587fb0f208d9777a6c56e4f9050039268faaaaecd50e959ef01bf847b7872785c36483fa5cdcdbdfdb31fef2ff222684d4fc21c330ab60395c681897
  languageName: node
  linkType: hard

"picocolors@npm:^1.0.0, picocolors@npm:^1.1.1":
  version: 1.1.1
  resolution: "picocolors@npm:1.1.1"
  checksum: 10c0/e2e3e8170ab9d7c7421969adaa7e1b31434f789afb9b3f115f6b96d91945041ac3ceb02e9ec6fe6510ff036bcc0bf91e69a1772edc0b707e12b19c0f2d6bcf58
  languageName: node
  linkType: hard

"picomatch@npm:^3.0.0":
  version: 3.0.1
  resolution: "picomatch@npm:3.0.1"
  checksum: 10c0/70ec738569f1864658378b7abdab8939d15dae0718c1df994eae3346fd33daf6a3c1ff4e0c1a0cd1e2c0319130985b63a2cff34d192f2f2acbb78aca76111736
  languageName: node
  linkType: hard

"prettier@npm:^3.0.3":
  version: 3.6.2
  resolution: "prettier@npm:3.6.2"
  bin:
    prettier: bin/prettier.cjs
  checksum: 10c0/488cb2f2b99ec13da1e50074912870217c11edaddedeadc649b1244c749d15ba94e846423d062e2c4c9ae683e2d65f754de28889ba06e697ac4f988d44f45812
  languageName: node
  linkType: hard

"readdirp@npm:^4.0.1":
  version: 4.1.2
  resolution: "readdirp@npm:4.1.2"
  checksum: 10c0/60a14f7619dec48c9c850255cd523e2717001b0e179dc7037cfa0895da7b9e9ab07532d324bfb118d73a710887d1e35f79c495fa91582784493e085d18c72c62
  languageName: node
  linkType: hard

"typescript@npm:^5.9.3":
  version: 5.9.3
  resolution: "typescript@npm:5.9.3"
  bin:
    tsc: bin/tsc
    tsserver: bin/tsserver
  checksum: 10c0/6bd7552ce39f97e711db5aa048f6f9995b53f1c52f7d8667c1abdc1700c68a76a308f579cd309ce6b53646deb4e9a1be7c813a93baaf0a28ccd536a30270e1c5
  languageName: node
  linkType: hard

"typescript@patch:typescript@npm%3A^5.9.3#optional!builtin<compat/typescript>":
  version: 5.9.3
  resolution: "typescript@patch:typescript@npm%3A5.9.3#optional!builtin<compat/typescript>::version=5.9.3&hash=5786d5"
  bin:
    tsc: bin/tsc
    tsserver: bin/tsserver
  checksum: 10c0/ad09fdf7a756814dce65bc60c1657b40d44451346858eea230e10f2e95a289d9183b6e32e5c11e95acc0ccc214b4f36289dcad4bf1886b0adb84d711d336a430
  languageName: node
  linkType: hard

"viem@npm:2.x":
  version: 2.39.3
  resolution: "viem@npm:2.39.3"
  dependencies:
    "@noble/curves": "npm:1.9.1"
    "@noble/hashes": "npm:1.8.0"
    "@scure/bip32": "npm:1.7.0"
    "@scure/bip39": "npm:1.6.0"
    abitype: "npm:1.1.0"
    isows: "npm:1.0.7"
    ox: "npm:0.9.6"
    ws: "npm:8.18.3"
  peerDependencies:
    typescript: ">=5.0.4"
  peerDependenciesMeta:
    typescript:
      optional: true
  checksum: 10c0/4fe197e74ff14553998c8f833711a10ec5df218f6d78ed2cf8849cfd6a1ac5a54d43dc89d3d4f13f84394d1c14f22c8c3f3e04e668c015e62962359ad54f7028
  languageName: node
  linkType: hard

"ws@npm:8.18.3":
  version: 8.18.3
  resolution: "ws@npm:8.18.3"
  peerDependencies:
    bufferutil: ^4.0.1
    utf-8-validate: ">=5.0.2"
  peerDependenciesMeta:
    bufferutil:
      optional: true
    utf-8-validate:
      optional: true
  checksum: 10c0/eac918213de265ef7cb3d4ca348b891a51a520d839aa51cdb8ca93d4fa7ff9f6ccb339ccee89e4075324097f0a55157c89fa3f7147bde9d8d7e90335dc087b53
  languageName: node
  linkType: hard

"zod@npm:^4.1.11":
  version: 4.1.12
  resolution: "zod@npm:4.1.12"
  checksum: 10c0/b64c1feb19e99d77075261eaf613e0b2be4dfcd3551eff65ad8b4f2a079b61e379854d066f7d447491fcf193f45babd8095551a9d47973d30b46b6d8e2c46774
  languageName: node
  linkType: hard
